
Microsoft Visual Studio Solution File, Format Version 12.00
# Visual Studio 2012
Project("{FAE04EC0-301F-11D3-BF4B-00C04F79EFBC}") = "IOTextFiles", "IOTextFiles\IOTextFiles.csproj", "{448662B0-BC18-42A4-81B8-71769AD00324}"
EndProject
Project("{FAE04EC0-301F-11D3-BF4B-00C04F79EFBC}") = "IOXMLFiles", "IOXMLFiles\IOXMLFiles.csproj", "{D9196C0D-6FCB-43C7-BF92-31D6ED7DBFC8}"
EndProject
Global
	GlobalSection(SolutionConfigurationPlatforms) = preSolution
		Debug|x86 = Debug|x86
		Release|x86 = Release|x86
	EndGlobalSection
	GlobalSection(ProjectConfigurationPlatforms) = postSolution
		{448662B0-BC18-42A4-81B8-71769AD00324}.Debug|x86.ActiveCfg = Debug|x86
		{448662B0-BC18-42A4-81B8-71769AD00324}.Debug|x86.Build.0 = Debug|x86
		{448662B0-BC18-42A4-81B8-71769AD00324}.Release|x86.ActiveCfg = Release|x86
		{448662B0-BC18-42A4-81B8-71769AD00324}.Release|x86.Build.0 = Release|x86
		{D9196C0D-6FCB-43C7-BF92-31D6ED7DBFC8}.Debug|x86.ActiveCfg = Debug|x86
		{D9196C0D-6FCB-43C7-BF92-31D6ED7DBFC8}.Debug|x86.Build.0 = Debug|x86
		{D9196C0D-6FCB-43C7-BF92-31D6ED7DBFC8}.Release|x86.ActiveCfg = Release|x86
		{D9196C0D-6FCB-43C7-BF92-31D6ED7DBFC8}.Release|x86.Build.0 = Release|x86
	EndGlobalSection
EndGlobal
